
Microsoft Visual Studio Solution File, Format Version 12.00
# Visual Studio Version 16
VisualStudioVersion = 16.0.31702.278
MinimumVisualStudioVersion = 10.0.40219.1
Project("{FAE04EC0-301F-11D3-BF4B-00C04F79EFBC}") = "Semenar2_CSharp_Start", "Semenar2_CSharp_Start.csproj", "{EF9E5DC6-1A33-4677-A789-1178A6E5BAC7}"
EndProject
Global
	GlobalSection(SolutionConfigurationPlatforms) = preSolution
		Debug|Any CPU = Debug|Any CPU
		Release|Any CPU = Release|Any CPU
	EndGlobalSection
	GlobalSection(ProjectConfigurationPlatforms) = postSolution
		{EF9E5DC6-1A33-4677-A789-1178A6E5BAC7}.Debug|Any CPU.ActiveCfg = Debug|Any CPU
		{EF9E5DC6-1A33-4677-A789-1178A6E5BAC7}.Debug|Any CPU.Build.0 = Debug|Any CPU
		{EF9E5DC6-1A33-4677-A789-1178A6E5BAC7}.Release|Any CPU.ActiveCfg = Release|Any CPU
		{EF9E5DC6-1A33-4677-A789-1178A6E5BAC7}.Release|Any CPU.Build.0 = Release|Any CPU
	EndGlobalSection
	GlobalSection(SolutionProperties) = preSolution
		HideSolutionNode = FALSE
	EndGlobalSection
	GlobalSection(ExtensibilityGlobals) = postSolution
		SolutionGuid = {05BE3D3C-CF89-461A-9895-A16434CF63BB}
	EndGlobalSection
EndGlobal
